version = 1
revision = 3
requires-python = ">=3.13.8"

[[package]]
name = "anyio"
version = "4.11.0"
source = { registry = "https://pypi.org/simple" }
dependencies = [
    { name = "idna" },
    { name = "sniffio" },
]
sdist = { url = "https://files.pythonhosted.org/packages/c6/78/7d432127c41b50bccba979505f272c16cbcadcc33645d5fa3a738110ae75/anyio-4.11.0.tar.gz", hash = "sha256:82a8d0b81e318cc5ce71a5f1f8b5c4e63619620b63141ef8c995fa0db95a57c4", size = 219094, upload-time = "2025-09-23T09:19:12.58Z" }
wheels = [
    { url = "https://files.pythonhosted.org/packages/15/b3/9b1a8074496371342ec1e796a96f99c82c945a339cd81a8e73de28b4cf9e/anyio-4.11.0-py3-none-any.whl", hash = "sha256:0287e96f4d26d4149305414d4e3bc32f0dcd0862365a4bddea19d7a1ec38c4fc", size = 109097, upload-time = "2025-09-23T09:19:10.601Z" },
]

[[package]]
name = "asgiref"
version = "3.10.0"
source = { registry = "https://pypi.org/simple" }
sdist = { url = "https://files.pythonhosted.org/packages/46/08/4dfec9b90758a59acc6be32ac82e98d1fbfc321cb5cfa410436dbacf821c/asgiref-3.10.0.tar.gz", hash = "sha256:d89f2d8cd8b56dada7d52fa7dc8075baa08fb836560710d38c292a7a3f78c04e", size = 37483, upload-time = "2025-10-05T09:15:06.557Z" }
wheels = [
    { url = "https://files.pythonhosted.org/packages/17/9c/fc2331f538fbf7eedba64b2052e99ccf9ba9d6888e2f41441ee28847004b/asgiref-3.10.0-py3-none-any.whl", hash = "sha256:aef8a81283a34d0ab31630c9b7dfe70c812c95eba78171367ca8745e88124734", size = 24050, upload-time = "2025-10-05T09:15:05.11Z" },
]

[[package]]
name = "backend"
version = "0.1.0"
source = { virtual = "." }
dependencies = [
    { name = "django" },
    { name = "django-cors-headers" },
    { name = "djangorestframework" },
    { name = "granian", extra = ["reload"] },
    { name = "httpx" },
    { name = "python-dotenv" },
]

[package.metadata]
requires-dist = [
    { name = "django", specifier = ">=5.2.7" },
    { name = "django-cors-headers", specifier = ">=4.9.0" },
    { name = "djangorestframework", specifier = ">=3.16.1" },
    { name = "granian", extras = ["reload"], specifier = ">=2.5.5" },
    { name = "httpx", specifier = ">=0.28.1" },
    { name = "python-dotenv", specifier = ">=1.1.1" },
]

[[package]]
name = "certifi"
version = "2025.10.5"
source = { registry = "https://pypi.org/simple" }
sdist = { url = "https://files.pythonhosted.org/packages/4c/5b/b6ce21586237c77ce67d01dc5507039d444b630dd76611bbca2d8e5dcd91/certifi-2025.10.5.tar.gz", hash = "sha256:47c09d31ccf2acf0be3f701ea53595ee7e0b8fa08801c6624be771df09ae7b43", size = 164519, upload-time = "2025-10-05T04:12:15.808Z" }
wheels = [
    { url = "https://files.pythonhosted.org/packages/e4/37/af0d2ef3967ac0d6113837b44a4f0bfe1328c2b9763bd5b1744520e5cfed/certifi-2025.10.5-py3-none-any.whl", hash = "sha256:0f212c2744a9bb6de0c56639a6f68afe01ecd92d91f14ae897c4fe7bbeeef0de", size = 163286, upload-time = "2025-10-05T04:12:14.03Z" },
]

[[package]]
name = "click"
version = "8.3.0"
source = { registry = "https://pypi.org/simple" }
dependencies = [
    { name = "colorama", marker = "sys_platform == 'win32'" },
]
sdist = { url = "https://files.pythonhosted.org/packages/46/61/de6cd827efad202d7057d93e0fed9294b96952e188f7384832791c7b2254/click-8.3.0.tar.gz", hash = "sha256:e7b8232224eba16f4ebe410c25ced9f7875cb5f3263ffc93cc3e8da705e229c4", size = 276943, upload-time = "2025-09-18T17:32:23.696Z" }
wheels = [
    { url = "https://files.pythonhosted.org/packages/db/d3/9dcc0f5797f070ec8edf30fbadfb200e71d9db6b84d211e3b2085a7589a0/click-8.3.0-py3-none-any.whl", hash = "sha256:9b9f285302c6e3064f4330c05f05b81945b2a39544279343e6e7c5f27a9baddc", size = 107295, upload-time = "2025-09-18T17:32:22.42Z" },
]

[[package]]
name = "colorama"
version = "0.4.6"
source = { registry = "https://pypi.org/simple" }
sdist = { url = "https://files.pythonhosted.org/packages/d8/53/6f443c9a4a8358a93a6792e2acffb9d9d5cb0a5cfd8802644b7b1c9a02e4/colorama-0.4.6.tar.gz", hash = "sha256:08695f5cb7ed6e0531a20572697297273c47b8cae5a63ffc6d6ed5c201be6e44", size = 27697, upload-time = "2022-10-25T02:36:22.414Z" }
wheels = [
    { url = "https://files.pythonhosted.org/packages/d1/d6/3965ed04c63042e047cb6a3e6ed1a63a35087b6a609aa3a15ed8ac56c221/colorama-0.4.6-py2.py3-none-any.whl", hash = "sha256:4f1d9991f5acc0ca119f9d443620b77f9d6b33703e51011c16baf57afb285fc6", size = 25335, upload-time = "2022-10-25T02:36:20.889Z" },
]

[[package]]
name = "django"
version = "5.2.7"
source = { registry = "https://pypi.org/simple" }
dependencies = [
    { name = "asgiref" },
    { name = "sqlparse" },
    { name = "tzdata", marker = "sys_platform == 'win32'" },
]
sdist = { url = "https://files.pythonhosted.org/packages/b1/96/bd84e2bb997994de8bcda47ae4560991084e86536541d7214393880f01a8/django-5.2.7.tar.gz", hash = "sha256:e0f6f12e2551b1716a95a63a1366ca91bbcd7be059862c1b18f989b1da356cdd", size = 10865812, upload-time = "2025-10-01T14:22:12.081Z" }
wheels = [
    { url = "https://files.pythonhosted.org/packages/8f/ef/81f3372b5dd35d8d354321155d1a38894b2b766f576d0abffac4d8ae78d9/django-5.2.7-py3-none-any.whl", hash = "sha256:59a13a6515f787dec9d97a0438cd2efac78c8aca1c80025244b0fe507fe0754b", size = 8307145, upload-time = "2025-10-01T14:22:49.476Z" },
]

[[package]]
name = "django-cors-headers"
version = "4.9.0"
source = { registry = "https://pypi.org/simple" }
dependencies = [
    { name = "asgiref" },
    { name = "django" },
]
sdist = { url = "https://files.pythonhosted.org/packages/21/39/55822b15b7ec87410f34cd16ce04065ff390e50f9e29f31d6d116fc80456/django_cors_headers-4.9.0.tar.gz", hash = "sha256:fe5d7cb59fdc2c8c646ce84b727ac2bca8912a247e6e68e1fb507372178e59e8", size = 21458, upload-time = "2025-09-18T10:40:52.326Z" }
wheels = [
    { url = "https://files.pythonhosted.org/packages/30/d8/19ed1e47badf477d17fb177c1c19b5a21da0fd2d9f093f23be3fb86c5fab/django_cors_headers-4.9.0-py3-none-any.whl", hash = "sha256:15c7f20727f90044dcee2216a9fd7303741a864865f0c3657e28b7056f61b449", size = 12809, upload-time = "2025-09-18T10:40:50.843Z" },
]

[[package]]
name = "djangorestframework"
version = "3.16.1"
source = { registry = "https://pypi.org/simple" }
dependencies = [
    { name = "django" },
]
sdist = { url = "https://files.pythonhosted.org/packages/8a/95/5376fe618646fde6899b3cdc85fd959716bb67542e273a76a80d9f326f27/djangorestframework-3.16.1.tar.gz", hash = "sha256:166809528b1aced0a17dc66c24492af18049f2c9420dbd0be29422029cfc3ff7", size = 1089735, upload-time = "2025-08-06T17:50:53.251Z" }
wheels = [
    { url = "https://files.pythonhosted.org/packages/b0/ce/bf8b9d3f415be4ac5588545b5fcdbbb841977db1c1d923f7568eeabe1689/djangorestframework-3.16.1-py3-none-any.whl", hash = "sha256:33a59f47fb9c85ede792cbf88bde71893bcda0667bc573f784649521f1102cec", size = 1080442, upload-time = "2025-08-06T17:50:50.667Z" },
]

[[package]]
name = "granian"
version = "2.5.5"
source = { registry = "https://pypi.org/simple" }
dependencies = [
    { name = "click" },
]
sdist = { url = "https://files.pythonhosted.org/packages/07/85/3f5a1258567718c75719f5206d33457f7bd2b091b0fee0a618a395fda758/granian-2.5.5.tar.gz", hash = "sha256:da785fae71cb45e92ce3fbb8633dc48b12f6a5055a7358226d78176967a5d2c9", size = 112143, upload-time = "2025-10-07T17:39:38.751Z" }
wheels = [
    { url = "https://files.pythonhosted.org/packages/22/fc/8024558e038477531cdbf996f94ff9d64c008a33ffd33077b38d43451193/granian-2.5.5-cp313-cp313-macosx_10_12_x86_64.whl", hash = "sha256:49fd6a3f5d9302b8c8da56fcbf29faa7edc5847a460635356c5052584fa7c4b2", size = 2833726, upload-time = "2025-10-07T17:37:56.296Z" },
    { url = "https://files.pythonhosted.org/packages/d9/6e/baae1148dc834bbdf07ca45920641c23ff167b2af338cfcd3551e063aee1/granian-2.5.5-cp313-cp313-macosx_11_0_arm64.whl", hash = "sha256:62e7d9dd5b21d7637e062f7ce20d1887069d64d06e16c7bac40e01de4cb54b63", size = 2517287, upload-time = "2025-10-07T17:37:57.949Z" },
    { url = "https://files.pythonhosted.org/packages/77/23/65398e16a121cdab95ac6a31c48172f86ff333ac01dbc8d57c2e9496c668/granian-2.5.5-cp313-cp313-manylinux_2_17_armv7l.manylinux2014_armv7l.whl", hash = "sha256:307e09e1bf5b7f869b9dccfca7af253bbb74bf4cb0ba2d972043334a889b048f", size = 3009557, upload-time = "2025-10-07T17:37:59.664Z" },
    { url = "https://files.pythonhosted.org/packages/24/01/1ec3bb03528cf5330a5b1d2c77f1a4d224a34a3c73ea47a860ef4d72146b/granian-2.5.5-cp313-cp313-manylinux_2_17_i686.manylinux2014_i686.whl", hash = "sha256:6a847903664275e6bede3ef178642379c6e1c43767e3980b2b6d68c62e6b14b5", size = 2833794, upload-time = "2025-10-07T17:38:00.993Z" },
    { url = "https://files.pythonhosted.org/packages/1e/a5/fe976a36945cea22b7c4a9eb8ddd9866644c12f766b9f3ab8bd575e9d611/granian-2.5.5-cp313-cp313-manylinux_2_17_x86_64.manylinux2014_x86_64.whl", hash = "sha256:e21cd8ee95cd2017328043ec31c455ef69c9466617a9d51e4b1ca0ff0203d873", size = 3117180, upload-time = "2025-10-07T17:38:02.573Z" },
    { url = "https://files.pythonhosted.org/packages/a2/f2/0a7450990a5ec23a3dc5c464886ece21593dc4edd027e3a6f5367fbb0cd4/granian-2.5.5-cp313-cp313-manylinux_2_28_aarch64.whl", hash = "sha256:f47b9ecf635ef727b1f399cd2e65329010ab2c48a5381be0d928a538ed8e9158", size = 2917766, upload-time = "2025-10-07T17:38:04.327Z" },
    { url = "https://files.pythonhosted.org/packages/93/81/1238e871ef9e609e12b9ada411793c87343c46905f8f56c8a6d4088d9ae6/granian-2.5.5-cp313-cp313-musllinux_1_1_aarch64.whl", hash = "sha256:59e868dcc7ca469aa099ca9456204c2ff5e6c7e98bbafb66921b911c2b5e4c15", size = 2981663, upload-time = "2025-10-07T17:38:05.722Z" },
    { url = "https://files.pythonhosted.org/packages/b0/3c/0ad5915c0a96d2c4de13e51f107d11013ed9a48e01524ec8cc096afdc639/granian-2.5.5-cp313-cp313-musllinux_1_1_armv7l.whl", hash = "sha256:c0a1ef4bac9a59d52a80f81153a15c82a6876591e9ab8e330e096f339d06211d", size = 3146507, upload-time = "2025-10-07T17:38:07.078Z" },
    { url = "https://files.pythonhosted.org/packages/75/f7/2d3d3372cf81775e72196a1a7b26cf563dbe35ec5cc197dd4f9e3df5d050/granian-2.5.5-cp313-cp313-musllinux_1_1_x86_64.whl", hash = "sha256:748efbb431d46aff3b9ef88b68fddfc7b29e7738292fca841b1b925f67e328a4", size = 3207738, upload-time = "2025-10-07T17:38:08.345Z" },
    { url = "https://files.pythonhosted.org/packages/8d/1b/d663e071cac94f3be515c3650aa6675432d3a9ccbb4c419a20bb31083d92/granian-2.5.5-cp313-cp313-win_amd64.whl", hash = "sha256:fa87dd2d4b914e6d539bf18968daad3d34bb6877ab90b1408c009c3714a0213c", size = 2178462, upload-time = "2025-10-07T17:38:09.708Z" },
    { url = "https://files.pythonhosted.org/packages/9d/9f/edec61a604d919042b435eb6f40217c7ff565fde91e9670183c895eaf4e1/granian-2.5.5-cp313-cp313t-macosx_10_12_x86_64.whl", hash = "sha256:647cb53789cbf369e895341152a9822f8238830fc939b85d2844151d1f0da32e", size = 2759098, upload-time = "2025-10-07T17:38:10.962Z" },
    { url = "https://files.pythonhosted.org/packages/52/76/f96df41fbc72b4c9a9f0994f2ae274080a3b47b8209989140a1f98ba27a9/granian-2.5.5-cp313-cp313t-macosx_11_0_arm64.whl", hash = "sha256:39f1d5398d31df3375e10524aa00f33d65b7d051551c4876251e9eec4ddc2c11", size = 2477953, upload-time = "2025-10-07T17:38:12.329Z" },
    { url = "https://files.pythonhosted.org/packages/e9/70/0bfa32321501756357efebc45668c9ba054f8b8af1c63590d5af2aaed59c/granian-2.5.5-cp313-cp313t-manylinux_2_17_x86_64.manylinux2014_x86_64.whl", hash = "sha256:61308acf1943d06c4c4b48f79697a97f233ce85a07801e95e01c85647fd10eb5", size = 2997992, upload-time = "2025-10-07T17:38:13.627Z" },
    { url = "https://files.pythonhosted.org/packages/3a/a1/9a961b05c6cde2b6b27abae5da9e5efdfe3c7e0fc8b6f63433473861c2ff/granian-2.5.5-cp313-cp313t-manylinux_2_28_aarch64.whl", hash = "sha256:dfd11cb106d9c68c6682a0554142f7383ff99789e1ecef3087c3e13ac50fde24", size = 2784260, upload-time = "2025-10-07T17:38:15.32Z" },
    { url = "https://files.pythonhosted.org/packages/e2/1a/9eada34cb30c4cd17e8201082b2a5f4d159ed275fdbc072355bc8ab32753/granian-2.5.5-cp313-cp313t-musllinux_1_1_aarch64.whl", hash = "sha256:d05801e405f4000837bba9eea7cdef0486a6c8a2aff073e75be0a7055c2c07c6", size = 2973232, upload-time = "2025-10-07T17:38:16.717Z" },
    { url = "https://files.pythonhosted.org/packages/5d/24/bbdc6dcb4197da663b2e8f4442f234ccfcd6fd883a9448a0fa3629cd6fe1/granian-2.5.5-cp313-cp313t-musllinux_1_1_armv7l.whl", hash = "sha256:28c61a87c766fc22f5d1ad640e6a4f2a4c14ff86c629c7fa8c9cc0bbc756a18c", size = 3132458, upload-time = "2025-10-07T17:38:18.134Z" },
    { url = "https://files.pythonhosted.org/packages/0f/b9/a44efa4771859bd65ff1e103b57f1c010b8d3434b20120fc0e44d0f28b41/granian-2.5.5-cp313-cp313t-musllinux_1_1_x86_64.whl", hash = "sha256:1cf9431bc5096e2f38aa8b8c762ad4e5e2f1e119ca7381a3414e1ce64690ab5c", size = 3194088, upload-time = "2025-10-07T17:38:19.408Z" },
    { url = "https://files.pythonhosted.org/packages/f9/03/3d33933328a2003ebd45c5d781387df59b60bc2465c9c5ea308930509ca7/granian-2.5.5-cp313-cp313t-win_amd64.whl", hash = "sha256:63a4910032589d25ce09bc2d1e5164db941710c17fe91a543f8bd3e3b9a5d522", size = 2170457, upload-time = "2025-10-07T17:38:21.077Z" },
    { url = "https://files.pythonhosted.org/packages/d1/db/f9b2971eb3d409e46a2c432a7d0b621257eecc3ea383f5aad0ace6808453/granian-2.5.5-cp314-cp314-macosx_10_12_x86_64.whl", hash = "sha256:4c2c917decc7079038bc97a247ed8da35251a36c33211ae35698784a3d3dac7e", size = 2820728, upload-time = "2025-10-07T17:38:22.281Z" },
    { url = "https://files.pythonhosted.org/packages/5a/9d/3922ff3298b801de6cf82405de88d5c2506f4c9f98dd0f42f78fd31018cf/granian-2.5.5-cp314-cp314-macosx_11_0_arm64.whl", hash = "sha256:fffb60591f1e5fc514b916689c69c3d4da7827c9989679b32c38416f5f968b5a", size = 2503559, upload-time = "2025-10-07T17:38:24.044Z" },
    { url = "https://files.pythonhosted.org/packages/57/33/7378af82179009995183905403e5620ad149aaf58fb578f164853c93c9b9/granian-2.5.5-cp314-cp314-manylinux_2_17_armv7l.manylinux2014_armv7l.whl", hash = "sha256:b6d676c2b6a64aa5d377f8855c9921b637db150a7233c6027d3abd55d2d6c43c", size = 3004593, upload-time = "2025-10-07T17:38:25.752Z" },
    { url = "https://files.pythonhosted.org/packages/5d/55/c5c9fb391dce4a606f7a8a264a1daf0f5c688a54b05366d4425d7eb12229/granian-2.5.5-cp314-cp314-manylinux_2_17_i686.manylinux2014_i686.whl", hash = "sha256:642317efac6b24547c50a229bdeda85e79d825727a8559bb61e47827557d412f", size = 2827438, upload-time = "2025-10-07T17:38:27.486Z" },
    { url = "https://files.pythonhosted.org/packages/a0/7e/2d541daff406d431830d6344a7c73547116a69d5bfe5116dbd586fd868f0/granian-2.5.5-cp314-cp314-manylinux_2_17_x86_64.manylinux2014_x86_64.whl", hash = "sha256:c40867944b278390b42f62f2557cc613dabc0a2a1868669110c319dfcd5dbe63", size = 3103175, upload-time = "2025-10-07T17:38:28.883Z" },
    { url = "https://files.pythonhosted.org/packages/85/d9/daa2809ccbc11c0489fbb2ead8a084b902ba53bf1bf04a8268cbea911a2f/granian-2.5.5-cp314-cp314-manylinux_2_28_aarch64.whl", hash = "sha256:bff88a7c1ad215a9bd33b2b11aa03057446f086759743be9f99ab1966604c733", size = 2916188, upload-time = "2025-10-07T17:38:30.387Z" },
    { url = "https://files.pythonhosted.org/packages/70/c6/866916b6115a5a723733281b8731d1c7f0efc340f2541e2c9941c08541ca/granian-2.5.5-cp314-cp314-musllinux_1_1_aarch64.whl", hash = "sha256:1701211bf09a3863c12346b1711d74cc47317809bb1b063b4198470877c351f6", size = 2979444, upload-time = "2025-10-07T17:38:31.996Z" },
    { url = "https://files.pythonhosted.org/packages/f8/af/3d7ed403854324b5099b860c2e43d668dc98ec2e79c2cc9d246ccb8d2e98/granian-2.5.5-cp314-cp314-musllinux_1_1_armv7l.whl", hash = "sha256:a3345512f0ce7dc481324a61932e397040d4c0ffbccbcbcbc3e41f21f397bb00", size = 3141583, upload-time = "2025-10-07T17:38:33.256Z" },
    { url = "https://files.pythonhosted.org/packages/24/05/28352e5aa449e597c3e3d3d92b01c040eadcc389619023fa71c5ecba11de/granian-2.5.5-cp314-cp314-musllinux_1_1_x86_64.whl", hash = "sha256:d3e56fdb95a692be0c9543f4bf902c8a00c9cb9cdcc7bcd4f1622d0eefd8df18", size = 3194827, upload-time = "2025-10-07T17:38:34.539Z" },
    { url = "https://files.pythonhosted.org/packages/34/b7/4432e1c3efb43a7ee0ef068103acd2e53c42ad6cc226ff4da5e077b2f67d/granian-2.5.5-cp314-cp314-win_amd64.whl", hash = "sha256:4c772351cbbcc04a5b168e5cb574bff5fd6883d739ad395db1f0c330cccf8878", size = 2167014, upload-time = "2025-10-07T17:38:36.222Z" },
    { url = "https://files.pythonhosted.org/packages/2d/f1/464811b150cea5aaf7f6f6a406b666b7c4daa36eef628a3e9a86c757a0ac/granian-2.5.5-cp314-cp314t-macosx_10_12_x86_64.whl", hash = "sha256:94ec249a8b467d68cb0f24e482babb07110ff879a1cbcb841e7c55e1609e3777", size = 2744805, upload-time = "2025-10-07T17:38:38.032Z" },
    { url = "https://files.pythonhosted.org/packages/0a/da/802a4ab9986cc7893b32977f310c285433730733d2629a8ad09caad3928e/granian-2.5.5-cp314-cp314t-macosx_11_0_arm64.whl", hash = "sha256:d34b9626fef7f37b096b40316fa5167c40ba9326648112304aa7635397754f9e", size = 2459720, upload-time = "2025-10-07T17:38:39.466Z" },
    { url = "https://files.pythonhosted.org/packages/de/59/32bad6d962ae2b63b30616183d9750b0ff84559099173c1aee6905fff8d2/granian-2.5.5-cp314-cp314t-manylinux_2_17_x86_64.manylinux2014_x86_64.whl", hash = "sha256:edaaca6d053e4e6795cee7cc939c9d97e2457bb5dadd96a91aeab16b4096816e", size = 2990426, upload-time = "2025-10-07T17:38:40.766Z" },
    { url = "https://files.pythonhosted.org/packages/51/72/f6def6f64cc6194c23975ae853d32ebac0aff9cf69a749f3349ce5b1dcaf/granian-2.5.5-cp314-cp314t-manylinux_2_28_aarch64.whl", hash = "sha256:49c950366261470662b9721b40f08b8a443dceaa2ae952361235404f257f66cb", size = 2782718, upload-time = "2025-10-07T17:38:42.67Z" },
    { url = "https://files.pythonhosted.org/packages/cb/65/059a411d9aef86b1fdd29d3bd274ac13e0568b18ea8f22b59322ba087fc4/granian-2.5.5-cp314-cp314t-musllinux_1_1_aarch64.whl", hash = "sha256:02d5c0f8d4fbb656cbbe12576a92990bac37a238a14c6b6fed3ab47ee1202162", size = 2972550, upload-time = "2025-10-07T17:38:44.125Z" },
    { url = "https://files.pythonhosted.org/packages/9a/f3/862eaa8966c81e5525a261f199bf41e9bee890f1566211eb4647eb57dc5f/granian-2.5.5-cp314-cp314t-musllinux_1_1_armv7l.whl", hash = "sha256:3ec26992315c00b6269d13ad31644226d5c51ae4b06e866f2a1eb2979deef482", size = 3127601, upload-time = "2025-10-07T17:38:45.486Z" },
    { url = "https://files.pythonhosted.org/packages/1e/ed/aba697af1d31ca72ea060a0c1b3b214cfddbc9828615b932309b92b9c1c6/granian-2.5.5-cp314-cp314t-musllinux_1_1_x86_64.whl", hash = "sha256:413ce58161abbba47bde2895b0c3b6d74aec33dfd4ec355be07721b9ce57e4f2", size = 3188666, upload-time = "2025-10-07T17:38:46.924Z" },
    { url = "https://files.pythonhosted.org/packages/68/81/a964fedafef328f24ee573510e632e8e1d44199dddbaab4afcb78deeb2f0/granian-2.5.5-cp314-cp314t-win_amd64.whl", hash = "sha256:8359c03c518219eacd5d60718a058d2c1fc48e2f69fcee2a022dd3814d62d81a", size = 2156709, upload-time = "2025-10-07T17:38:48.221Z" },
]

[package.optional-dependencies]
reload = [
    { name = "watchfiles" },
]

[[package]]
name = "h11"
version = "0.16.0"
source = { registry = "https://pypi.org/simple" }
sdist = { url = "https://files.pythonhosted.org/packages/01/ee/02a2c011bdab74c6fb3c75474d40b3052059d95df7e73351460c8588d963/h11-0.16.0.tar.gz", hash = "sha256:4e35b956cf45792e4caa5885e69fba00bdbc6ffafbfa020300e549b208ee5ff1", size = 101250, upload-time = "2025-04-24T03:35:25.427Z" }
wheels = [
    { url = "https://files.pythonhosted.org/packages/04/4b/29cac41a4d98d144bf5f6d33995617b185d14b22401f75ca86f384e87ff1/h11-0.16.0-py3-none-any.whl", hash = "sha256:63cf8bbe7522de3bf65932fda1d9c2772064ffb3dae62d55932da54b31cb6c86", size = 37515, upload-time = "2025-04-24T03:35:24.344Z" },
]

[[package]]
name = "httpcore"
version = "1.0.9"
source = { registry = "https://pypi.org/simple" }
dependencies = [
    { name = "certifi" },
    { name = "h11" },
]
sdist = { url = "https://files.pythonhosted.org/packages/06/94/82699a10bca87a5556c9c59b5963f2d039dbd239f25bc2a63907a05a14cb/httpcore-1.0.9.tar.gz", hash = "sha256:6e34463af53fd2ab5d807f399a9b45ea31c3dfa2276f15a2c3f00afff6e176e8", size = 85484, upload-time = "2025-04-24T22:06:22.219Z" }
wheels = [
    { url = "https://files.pythonhosted.org/packages/7e/f5/f66802a942d491edb555dd61e3a9961140fd64c90bce1eafd741609d334d/httpcore-1.0.9-py3-none-any.whl", hash = "sha256:2d400746a40668fc9dec9810239072b40b4484b640a8c38fd654a024c7a1bf55", size = 78784, upload-time = "2025-04-24T22:06:20.566Z" },
]

[[package]]
name = "httpx"
version = "0.28.1"
source = { registry = "https://pypi.org/simple" }
dependencies = [
    { name = "anyio" },
    { name = "certifi" },
    { name = "httpcore" },
    { name = "idna" },
]
sdist = { url = "https://files.pythonhosted.org/packages/b1/df/48c586a5fe32a0f01324ee087459e112ebb7224f646c0b5023f5e79e9956/httpx-0.28.1.tar.gz", hash = "sha256:75e98c5f16b0f35b567856f597f06ff2270a374470a5c2392242528e3e3e42fc", size = 141406, upload-time = "2024-12-06T15:37:23.222Z" }
wheels = [
    { url = "https://files.pythonhosted.org/packages/2a/39/e50c7c3a983047577ee07d2a9e53faf5a69493943ec3f6a384bdc792deb2/httpx-0.28.1-py3-none-any.whl", hash = "sha256:d909fcccc110f8c7faf814ca82a9a4d816bc5a6dbfea25d6591d6985b8ba59ad", size = 73517, upload-time = "2024-12-06T15:37:21.509Z" },
]

[[package]]
name = "idna"
version = "3.10"
source = { registry = "https://pypi.org/simple" }
sdist = { url = "https://files.pythonhosted.org/packages/f1/70/7703c29685631f5a7590aa73f1f1d3fa9a380e654b86af429e0934a32f7d/idna-3.10.tar.gz", hash = "sha256:12f65c9b470abda6dc35cf8e63cc574b1c52b11df2c86030af0ac09b01b13ea9", size = 190490, upload-time = "2024-09-15T18:07:39.745Z" }
wheels = [
    { url = "https://files.pythonhosted.org/packages/76/c6/c88e154df9c4e1a2a66ccf0005a88dfb2650c1dffb6f5ce603dfbd452ce3/idna-3.10-py3-none-any.whl", hash = "sha256:946d195a0d259cbba61165e88e65941f16e9b36ea6ddb97f00452bae8b1287d3", size = 70442, upload-time = "2024-09-15T18:07:37.964Z" },
]

[[package]]
name = "python-dotenv"
version = "1.1.1"
source = { registry = "https://pypi.org/simple" }
sdist = { url = "https://files.pythonhosted.org/packages/f6/b0/4bc07ccd3572a2f9df7e6782f52b0c6c90dcbb803ac4a167702d7d0dfe1e/python_dotenv-1.1.1.tar.gz", hash = "sha256:a8a6399716257f45be6a007360200409fce5cda2661e3dec71d23dc15f6189ab", size = 41978, upload-time = "2025-06-24T04:21:07.341Z" }
wheels = [
    { url = "https://files.pythonhosted.org/packages/5f/ed/539768cf28c661b5b068d66d96a2f155c4971a5d55684a514c1a0e0dec2f/python_dotenv-1.1.1-py3-none-any.whl", hash = "sha256:31f23644fe2602f88ff55e1f5c79ba497e01224ee7737937930c448e4d0e24dc", size = 20556, upload-time = "2025-06-24T04:21:06.073Z" },
]

[[package]]
name = "sniffio"
version = "1.3.1"
source = { registry = "https://pypi.org/simple" }
sdist = { url = "https://files.pythonhosted.org/packages/a2/87/a6771e1546d97e7e041b6ae58d80074f81b7d5121207425c964ddf5cfdbd/sniffio-1.3.1.tar.gz", hash = "sha256:f4324edc670a0f49750a81b895f35c3adb843cca46f0530f79fc1babb23789dc", size = 20372, upload-time = "2024-02-25T23:20:04.057Z" }
wheels = [
    { url = "https://files.pythonhosted.org/packages/e9/44/75a9c9421471a6c4805dbf2356f7c181a29c1879239abab1ea2cc8f38b40/sniffio-1.3.1-py3-none-any.whl", hash = "sha256:2f6da418d1f1e0fddd844478f41680e794e6051915791a034ff65e5f100525a2", size = 10235, upload-time = "2024-02-25T23:20:01.196Z" },
]

[[package]]
name = "sqlparse"
version = "0.5.3"
source = { registry = "https://pypi.org/simple" }
sdist = { url = "https://files.pythonhosted.org/packages/e5/40/edede8dd6977b0d3da179a342c198ed100dd2aba4be081861ee5911e4da4/sqlparse-0.5.3.tar.gz", hash = "sha256:09f67787f56a0b16ecdbde1bfc7f5d9c3371ca683cfeaa8e6ff60b4807ec9272", size = 84999, upload-time = "2024-12-10T12:05:30.728Z" }
wheels = [
    { url = "https://files.pythonhosted.org/packages/a9/5c/bfd6bd0bf979426d405cc6e71eceb8701b148b16c21d2dc3c261efc61c7b/sqlparse-0.5.3-py3-none-any.whl", hash = "sha256:cf2196ed3418f3ba5de6af7e82c694a9fbdbfecccdfc72e281548517081f16ca", size = 44415, upload-time = "2024-12-10T12:05:27.824Z" },
]

[[package]]
name = "tzdata"
version = "2025.2"
source = { registry = "https://pypi.org/simple" }
sdist = { url = "https://files.pythonhosted.org/packages/95/32/1a225d6164441be760d75c2c42e2780dc0873fe382da3e98a2e1e48361e5/tzdata-2025.2.tar.gz", hash = "sha256:b60a638fcc0daffadf82fe0f57e53d06bdec2f36c4df66280ae79bce6bd6f2b9", size = 196380, upload-time = "2025-03-23T13:54:43.652Z" }
wheels = [
    { url = "https://files.pythonhosted.org/packages/5c/23/c7abc0ca0a1526a0774eca151daeb8de62ec457e77262b66b359c3c7679e/tzdata-2025.2-py2.py3-none-any.whl", hash = "sha256:1a403fada01ff9221ca8044d701868fa132215d84beb92242d9acd2147f667a8", size = 347839, upload-time = "2025-03-23T13:54:41.845Z" },
]

[[package]]
name = "watchfiles"
version = "1.1.0"
source = { registry = "https://pypi.org/simple" }
dependencies = [
    { name = "anyio" },
]
sdist = { url = "https://files.pythonhosted.org/packages/2a/9a/d451fcc97d029f5812e898fd30a53fd8c15c7bbd058fd75cfc6beb9bd761/watchfiles-1.1.0.tar.gz", hash = "sha256:693ed7ec72cbfcee399e92c895362b6e66d63dac6b91e2c11ae03d10d503e575", size = 94406, upload-time = "2025-06-15T19:06:59.42Z" }
wheels = [
    { url = "https://files.pythonhosted.org/packages/d3/42/fae874df96595556a9089ade83be34a2e04f0f11eb53a8dbf8a8a5e562b4/watchfiles-1.1.0-cp313-cp313-macosx_10_12_x86_64.whl", hash = "sha256:5007f860c7f1f8df471e4e04aaa8c43673429047d63205d1630880f7637bca30", size = 402004, upload-time = "2025-06-15T19:05:38.499Z" },
    { url = "https://files.pythonhosted.org/packages/fa/55/a77e533e59c3003d9803c09c44c3651224067cbe7fb5d574ddbaa31e11ca/watchfiles-1.1.0-cp313-cp313-macosx_11_0_arm64.whl", hash = "sha256:20ecc8abbd957046f1fe9562757903f5eaf57c3bce70929fda6c7711bb58074a", size = 393671, upload-time = "2025-06-15T19:05:39.52Z" },
    { url = "https://files.pythonhosted.org/packages/05/68/b0afb3f79c8e832e6571022611adbdc36e35a44e14f129ba09709aa4bb7a/watchfiles-1.1.0-cp313-cp313-manylinux_2_17_aarch64.manylinux2014_aarch64.whl", hash = "sha256:f2f0498b7d2a3c072766dba3274fe22a183dbea1f99d188f1c6c72209a1063dc", size = 449772, upload-time = "2025-06-15T19:05:40.897Z" },
    { url = "https://files.pythonhosted.org/packages/ff/05/46dd1f6879bc40e1e74c6c39a1b9ab9e790bf1f5a2fe6c08b463d9a807f4/watchfiles-1.1.0-cp313-cp313-manylinux_2_17_armv7l.manylinux2014_armv7l.whl", hash = "sha256:239736577e848678e13b201bba14e89718f5c2133dfd6b1f7846fa1b58a8532b", size = 456789, upload-time = "2025-06-15T19:05:42.045Z" },
    { url = "https://files.pythonhosted.org/packages/8b/ca/0eeb2c06227ca7f12e50a47a3679df0cd1ba487ea19cf844a905920f8e95/watchfiles-1.1.0-cp313-cp313-manylinux_2_17_i686.manylinux2014_i686.whl", hash = "sha256:eff4b8d89f444f7e49136dc695599a591ff769300734446c0a86cba2eb2f9895", size = 482551, upload-time = "2025-06-15T19:05:43.781Z" },
    { url = "https://files.pythonhosted.org/packages/31/47/2cecbd8694095647406645f822781008cc524320466ea393f55fe70eed3b/watchfiles-1.1.0-cp313-cp313-manylinux_2_17_ppc64le.manylinux2014_ppc64le.whl", hash = "sha256:12b0a02a91762c08f7264e2e79542f76870c3040bbc847fb67410ab81474932a", size = 597420, upload-time = "2025-06-15T19:05:45.244Z" },
    { url = "https://files.pythonhosted.org/packages/d9/7e/82abc4240e0806846548559d70f0b1a6dfdca75c1b4f9fa62b504ae9b083/watchfiles-1.1.0-cp313-cp313-manylinux_2_17_s390x.manylinux2014_s390x.whl", hash = "sha256:29e7bc2eee15cbb339c68445959108803dc14ee0c7b4eea556400131a8de462b", size = 477950, upload-time = "2025-06-15T19:05:46.332Z" },
    { url = "https://files.pythonhosted.org/packages/25/0d/4d564798a49bf5482a4fa9416dea6b6c0733a3b5700cb8a5a503c4b15853/watchfiles-1.1.0-cp313-cp313-manylinux_2_17_x86_64.manylinux2014_x86_64.whl", hash = "sha256:d9481174d3ed982e269c090f780122fb59cee6c3796f74efe74e70f7780ed94c", size = 451706, upload-time = "2025-06-15T19:05:47.459Z" },
    { url = "https://files.pythonhosted.org/packages/81/b5/5516cf46b033192d544102ea07c65b6f770f10ed1d0a6d388f5d3874f6e4/watchfiles-1.1.0-cp313-cp313-musllinux_1_1_aarch64.whl", hash = "sha256:80f811146831c8c86ab17b640801c25dc0a88c630e855e2bef3568f30434d52b", size = 625814, upload-time = "2025-06-15T19:05:48.654Z" },
    { url = "https://files.pythonhosted.org/packages/0c/dd/7c1331f902f30669ac3e754680b6edb9a0dd06dea5438e61128111fadd2c/watchfiles-1.1.0-cp313-cp313-musllinux_1_1_x86_64.whl", hash = "sha256:60022527e71d1d1fda67a33150ee42869042bce3d0fcc9cc49be009a9cded3fb", size = 622820, upload-time = "2025-06-15T19:05:50.088Z" },
    { url = "https://files.pythonhosted.org/packages/1b/14/36d7a8e27cd128d7b1009e7715a7c02f6c131be9d4ce1e5c3b73d0e342d8/watchfiles-1.1.0-cp313-cp313-win32.whl", hash = "sha256:32d6d4e583593cb8576e129879ea0991660b935177c0f93c6681359b3654bfa9", size = 279194, upload-time = "2025-06-15T19:05:51.186Z" },
    { url = "https://files.pythonhosted.org/packages/25/41/2dd88054b849aa546dbeef5696019c58f8e0774f4d1c42123273304cdb2e/watchfiles-1.1.0-cp313-cp313-win_amd64.whl", hash = "sha256:f21af781a4a6fbad54f03c598ab620e3a77032c5878f3d780448421a6e1818c7", size = 292349, upload-time = "2025-06-15T19:05:52.201Z" },
    { url = "https://files.pythonhosted.org/packages/c8/cf/421d659de88285eb13941cf11a81f875c176f76a6d99342599be88e08d03/watchfiles-1.1.0-cp313-cp313-win_arm64.whl", hash = "sha256:5366164391873ed76bfdf618818c82084c9db7fac82b64a20c44d335eec9ced5", size = 283836, upload-time = "2025-06-15T19:05:53.265Z" },
    { url = "https://files.pythonhosted.org/packages/45/10/6faf6858d527e3599cc50ec9fcae73590fbddc1420bd4fdccfebffeedbc6/watchfiles-1.1.0-cp313-cp313t-macosx_10_12_x86_64.whl", hash = "sha256:17ab167cca6339c2b830b744eaf10803d2a5b6683be4d79d8475d88b4a8a4be1", size = 400343, upload-time = "2025-06-15T19:05:54.252Z" },
    { url = "https://files.pythonhosted.org/packages/03/20/5cb7d3966f5e8c718006d0e97dfe379a82f16fecd3caa7810f634412047a/watchfiles-1.1.0-cp313-cp313t-macosx_11_0_arm64.whl", hash = "sha256:328dbc9bff7205c215a7807da7c18dce37da7da718e798356212d22696404339", size = 392916, upload-time = "2025-06-15T19:05:55.264Z" },
    { url = "https://files.pythonhosted.org/packages/8c/07/d8f1176328fa9e9581b6f120b017e286d2a2d22ae3f554efd9515c8e1b49/watchfiles-1.1.0-cp313-cp313t-manylinux_2_17_aarch64.manylinux2014_aarch64.whl", hash = "sha256:f7208ab6e009c627b7557ce55c465c98967e8caa8b11833531fdf95799372633", size = 449582, upload-time = "2025-06-15T19:05:56.317Z" },
    { url = "https://files.pythonhosted.org/packages/66/e8/80a14a453cf6038e81d072a86c05276692a1826471fef91df7537dba8b46/watchfiles-1.1.0-cp313-cp313t-manylinux_2_17_armv7l.manylinux2014_armv7l.whl", hash = "sha256:a8f6f72974a19efead54195bc9bed4d850fc047bb7aa971268fd9a8387c89011", size = 456752, upload-time = "2025-06-15T19:05:57.359Z" },
    { url = "https://files.pythonhosted.org/packages/5a/25/0853b3fe0e3c2f5af9ea60eb2e781eade939760239a72c2d38fc4cc335f6/watchfiles-1.1.0-cp313-cp313t-manylinux_2_17_i686.manylinux2014_i686.whl", hash = "sha256:d181ef50923c29cf0450c3cd47e2f0557b62218c50b2ab8ce2ecaa02bd97e670", size = 481436, upload-time = "2025-06-15T19:05:58.447Z" },
    { url = "https://files.pythonhosted.org/packages/fe/9e/4af0056c258b861fbb29dcb36258de1e2b857be4a9509e6298abcf31e5c9/watchfiles-1.1.0-cp313-cp313t-manylinux_2_17_ppc64le.manylinux2014_ppc64le.whl", hash = "sha256:adb4167043d3a78280d5d05ce0ba22055c266cf8655ce942f2fb881262ff3cdf", size = 596016, upload-time = "2025-06-15T19:05:59.59Z" },
    { url = "https://files.pythonhosted.org/packages/c5/fa/95d604b58aa375e781daf350897aaaa089cff59d84147e9ccff2447c8294/watchfiles-1.1.0-cp313-cp313t-manylinux_2_17_s390x.manylinux2014_s390x.whl", hash = "sha256:8c5701dc474b041e2934a26d31d39f90fac8a3dee2322b39f7729867f932b1d4", size = 476727, upload-time = "2025-06-15T19:06:01.086Z" },
    { url = "https://files.pythonhosted.org/packages/65/95/fe479b2664f19be4cf5ceeb21be05afd491d95f142e72d26a42f41b7c4f8/watchfiles-1.1.0-cp313-cp313t-manylinux_2_17_x86_64.manylinux2014_x86_64.whl", hash = "sha256:b067915e3c3936966a8607f6fe5487df0c9c4afb85226613b520890049deea20", size = 451864, upload-time = "2025-06-15T19:06:02.144Z" },
    { url = "https://files.pythonhosted.org/packages/d3/8a/3c4af14b93a15ce55901cd7a92e1a4701910f1768c78fb30f61d2b79785b/watchfiles-1.1.0-cp313-cp313t-musllinux_1_1_aarch64.whl", hash = "sha256:9c733cda03b6d636b4219625a4acb5c6ffb10803338e437fb614fef9516825ef", size = 625626, upload-time = "2025-06-15T19:06:03.578Z" },
    { url = "https://files.pythonhosted.org/packages/da/f5/cf6aa047d4d9e128f4b7cde615236a915673775ef171ff85971d698f3c2c/watchfiles-1.1.0-cp313-cp313t-musllinux_1_1_x86_64.whl", hash = "sha256:cc08ef8b90d78bfac66f0def80240b0197008e4852c9f285907377b2947ffdcb", size = 622744, upload-time = "2025-06-15T19:06:05.066Z" },
    { url = "https://files.pythonhosted.org/packages/2c/00/70f75c47f05dea6fd30df90f047765f6fc2d6eb8b5a3921379b0b04defa2/watchfiles-1.1.0-cp314-cp314-macosx_10_12_x86_64.whl", hash = "sha256:9974d2f7dc561cce3bb88dfa8eb309dab64c729de85fba32e98d75cf24b66297", size = 402114, upload-time = "2025-06-15T19:06:06.186Z" },
    { url = "https://files.pythonhosted.org/packages/53/03/acd69c48db4a1ed1de26b349d94077cca2238ff98fd64393f3e97484cae6/watchfiles-1.1.0-cp314-cp314-macosx_11_0_arm64.whl", hash = "sha256:c68e9f1fcb4d43798ad8814c4c1b61547b014b667216cb754e606bfade587018", size = 393879, upload-time = "2025-06-15T19:06:07.369Z" },
    { url = "https://files.pythonhosted.org/packages/2f/c8/a9a2a6f9c8baa4eceae5887fecd421e1b7ce86802bcfc8b6a942e2add834/watchfiles-1.1.0-cp314-cp314-manylinux_2_17_aarch64.manylinux2014_aarch64.whl", hash = "sha256:95ab1594377effac17110e1352989bdd7bdfca9ff0e5eeccd8c69c5389b826d0", size = 450026, upload-time = "2025-06-15T19:06:08.476Z" },
    { url = "https://files.pythonhosted.org/packages/fe/51/d572260d98388e6e2b967425c985e07d47ee6f62e6455cefb46a6e06eda5/watchfiles-1.1.0-cp314-cp314-manylinux_2_17_armv7l.manylinux2014_armv7l.whl", hash = "sha256:fba9b62da882c1be1280a7584ec4515d0a6006a94d6e5819730ec2eab60ffe12", size = 457917, upload-time = "2025-06-15T19:06:09.988Z" },
    { url = "https://files.pythonhosted.org/packages/c6/2d/4258e52917bf9f12909b6ec314ff9636276f3542f9d3807d143f27309104/watchfiles-1.1.0-cp314-cp314-manylinux_2_17_i686.manylinux2014_i686.whl", hash = "sha256:3434e401f3ce0ed6b42569128b3d1e3af773d7ec18751b918b89cd49c14eaafb", size = 483602, upload-time = "2025-06-15T19:06:11.088Z" },
    { url = "https://files.pythonhosted.org/packages/84/99/bee17a5f341a4345fe7b7972a475809af9e528deba056f8963d61ea49f75/watchfiles-1.1.0-cp314-cp314-manylinux_2_17_ppc64le.manylinux2014_ppc64le.whl", hash = "sha256:fa257a4d0d21fcbca5b5fcba9dca5a78011cb93c0323fb8855c6d2dfbc76eb77", size = 596758, upload-time = "2025-06-15T19:06:12.197Z" },
    { url = "https://files.pythonhosted.org/packages/40/76/e4bec1d59b25b89d2b0716b41b461ed655a9a53c60dc78ad5771fda5b3e6/watchfiles-1.1.0-cp314-cp314-manylinux_2_17_s390x.manylinux2014_s390x.whl", hash = "sha256:7fd1b3879a578a8ec2076c7961076df540b9af317123f84569f5a9ddee64ce92", size = 477601, upload-time = "2025-06-15T19:06:13.391Z" },
    { url = "https://files.pythonhosted.org/packages/1f/fa/a514292956f4a9ce3c567ec0c13cce427c158e9f272062685a8a727d08fc/watchfiles-1.1.0-cp314-cp314-manylinux_2_17_x86_64.manylinux2014_x86_64.whl", hash = "sha256:62cc7a30eeb0e20ecc5f4bd113cd69dcdb745a07c68c0370cea919f373f65d9e", size = 451936, upload-time = "2025-06-15T19:06:14.656Z" },
    { url = "https://files.pythonhosted.org/packages/32/5d/c3bf927ec3bbeb4566984eba8dd7a8eb69569400f5509904545576741f88/watchfiles-1.1.0-cp314-cp314-musllinux_1_1_aarch64.whl", hash = "sha256:891c69e027748b4a73847335d208e374ce54ca3c335907d381fde4e41661b13b", size = 626243, upload-time = "2025-06-15T19:06:16.232Z" },
    { url = "https://files.pythonhosted.org/packages/e6/65/6e12c042f1a68c556802a84d54bb06d35577c81e29fba14019562479159c/watchfiles-1.1.0-cp314-cp314-musllinux_1_1_x86_64.whl", hash = "sha256:12fe8eaffaf0faa7906895b4f8bb88264035b3f0243275e0bf24af0436b27259", size = 623073, upload-time = "2025-06-15T19:06:17.457Z" },
    { url = "https://files.pythonhosted.org/packages/89/ab/7f79d9bf57329e7cbb0a6fd4c7bd7d0cee1e4a8ef0041459f5409da3506c/watchfiles-1.1.0-cp314-cp314t-macosx_10_12_x86_64.whl", hash = "sha256:bfe3c517c283e484843cb2e357dd57ba009cff351edf45fb455b5fbd1f45b15f", size = 400872, upload-time = "2025-06-15T19:06:18.57Z" },
    { url = "https://files.pythonhosted.org/packages/df/d5/3f7bf9912798e9e6c516094db6b8932df53b223660c781ee37607030b6d3/watchfiles-1.1.0-cp314-cp314t-macosx_11_0_arm64.whl", hash = "sha256:a9ccbf1f129480ed3044f540c0fdbc4ee556f7175e5ab40fe077ff6baf286d4e", size = 392877, upload-time = "2025-06-15T19:06:19.55Z" },
    { url = "https://files.pythonhosted.org/packages/0d/c5/54ec7601a2798604e01c75294770dbee8150e81c6e471445d7601610b495/watchfiles-1.1.0-cp314-cp314t-manylinux_2_17_aarch64.manylinux2014_aarch64.whl", hash = "sha256:ba0e3255b0396cac3cc7bbace76404dd72b5438bf0d8e7cefa2f79a7f3649caa", size = 449645, upload-time = "2025-06-15T19:06:20.66Z" },
    { url = "https://files.pythonhosted.org/packages/0a/04/c2f44afc3b2fce21ca0b7802cbd37ed90a29874f96069ed30a36dfe57c2b/watchfiles-1.1.0-cp314-cp314t-manylinux_2_17_armv7l.manylinux2014_armv7l.whl", hash = "sha256:4281cd9fce9fc0a9dbf0fc1217f39bf9cf2b4d315d9626ef1d4e87b84699e7e8", size = 457424, upload-time = "2025-06-15T19:06:21.712Z" },
    { url = "https://files.pythonhosted.org/packages/9f/b0/eec32cb6c14d248095261a04f290636da3df3119d4040ef91a4a50b29fa5/watchfiles-1.1.0-cp314-cp314t-manylinux_2_17_i686.manylinux2014_i686.whl", hash = "sha256:6d2404af8db1329f9a3c9b79ff63e0ae7131986446901582067d9304ae8aaf7f", size = 481584, upload-time = "2025-06-15T19:06:22.777Z" },
    { url = "https://files.pythonhosted.org/packages/d1/e2/ca4bb71c68a937d7145aa25709e4f5d68eb7698a25ce266e84b55d591bbd/watchfiles-1.1.0-cp314-cp314t-manylinux_2_17_ppc64le.manylinux2014_ppc64le.whl", hash = "sha256:e78b6ed8165996013165eeabd875c5dfc19d41b54f94b40e9fff0eb3193e5e8e", size = 596675, upload-time = "2025-06-15T19:06:24.226Z" },
    { url = "https://files.pythonhosted.org/packages/a1/dd/b0e4b7fb5acf783816bc950180a6cd7c6c1d2cf7e9372c0ea634e722712b/watchfiles-1.1.0-cp314-cp314t-manylinux_2_17_s390x.manylinux2014_s390x.whl", hash = "sha256:249590eb75ccc117f488e2fabd1bfa33c580e24b96f00658ad88e38844a040bb", size = 477363, upload-time = "2025-06-15T19:06:25.42Z" },
    { url = "https://files.pythonhosted.org/packages/69/c4/088825b75489cb5b6a761a4542645718893d395d8c530b38734f19da44d2/watchfiles-1.1.0-cp314-cp314t-manylinux_2_17_x86_64.manylinux2014_x86_64.whl", hash = "sha256:d05686b5487cfa2e2c28ff1aa370ea3e6c5accfe6435944ddea1e10d93872147", size = 452240, upload-time = "2025-06-15T19:06:26.552Z" },
    { url = "https://files.pythonhosted.org/packages/10/8c/22b074814970eeef43b7c44df98c3e9667c1f7bf5b83e0ff0201b0bd43f9/watchfiles-1.1.0-cp314-cp314t-musllinux_1_1_aarch64.whl", hash = "sha256:d0e10e6f8f6dc5762adee7dece33b722282e1f59aa6a55da5d493a97282fedd8", size = 625607, upload-time = "2025-06-15T19:06:27.606Z" },
    { url = "https://files.pythonhosted.org/packages/32/fa/a4f5c2046385492b2273213ef815bf71a0d4c1943b784fb904e184e30201/watchfiles-1.1.0-cp314-cp314t-musllinux_1_1_x86_64.whl", hash = "sha256:af06c863f152005c7592df1d6a7009c836a247c9d8adb78fef8575a5a98699db", size = 623315, upload-time = "2025-06-15T19:06:29.076Z" },
]
